# THIS IS AN AUTOGENERATED FILE. DO NOT EDIT THIS FILE DIRECTLY.
# yarn lockfile v1


nouislider@^13.1.0:
  version "13.1.0"
  resolved "https://registry.yarnpkg.com/nouislider/-/nouislider-13.1.0.tgz#23a57f25e5302117dc8f7e391954c9f111e8cf84"
  integrity sha512-XNayuw//xm5pVYXvXKr9IOSxFgbyPkRXZC99xnNMysJ+5nZaiIxOe2WK1QM3VpHOBKktI/Q1TikisH4HjXpw0w==
